
Microsoft Visual Studio Solution File, Format Version 12.00
# Visual Studio Version 17
VisualStudioVersion = 17.0.31903.59
MinimumVisualStudioVersion = 10.0.40219.1
Project("{2150E333-8FDC-42A3-9474-1A3956D46DE8}") = "src", "src", "{6D44864D-E0C3-404B-A640-3F9D8396D81A}"
EndProject
Project("{FAE04EC0-301F-11D3-BF4B-00C04F79EFBC}") = "Tosix.Api", "src\Tosix.Api\Tosix.Api.csproj", "{82EE08B3-774C-46A3-B85E-553831BD5F28}"
EndProject
Global
	GlobalSection(SolutionConfigurationPlatforms) = preSolution
		Debug|Any CPU = Debug|Any CPU
		Release|Any CPU = Release|Any CPU
	EndGlobalSection
	GlobalSection(SolutionProperties) = preSolution
		HideSolutionNode = FALSE
	EndGlobalSection
	GlobalSection(ProjectConfigurationPlatforms) = postSolution
		{82EE08B3-774C-46A3-B85E-553831BD5F28}.Debug|Any CPU.ActiveCfg = Debug|Any CPU
		{82EE08B3-774C-46A3-B85E-553831BD5F28}.Debug|Any CPU.Build.0 = Debug|Any CPU
		{82EE08B3-774C-46A3-B85E-553831BD5F28}.Release|Any CPU.ActiveCfg = Release|Any CPU
		{82EE08B3-774C-46A3-B85E-553831BD5F28}.Release|Any CPU.Build.0 = Release|Any CPU
	EndGlobalSection
	GlobalSection(NestedProjects) = preSolution
		{82EE08B3-774C-46A3-B85E-553831BD5F28} = {6D44864D-E0C3-404B-A640-3F9D8396D81A}
	EndGlobalSection
EndGlobal
